
Microsoft Visual Studio Solution File, Format Version 12.00
# Visual Studio Version 17
VisualStudioVersion = 17.3.32922.545
MinimumVisualStudioVersion = 10.0.40219.1
Project("{FAE04EC0-301F-11D3-BF4B-00C04F79EFBC}") = "UI", "UI\UI.csproj", "{7ED2A48B-837B-42CC-B883-55D8CFE8FEF6}"
EndProject
Project("{FAE04EC0-301F-11D3-BF4B-00C04F79EFBC}") = "BL", "..\BL\BL.csproj", "{D0B98002-FC92-4B8E-9A91-DAAC092C0851}"
EndProject
Project("{FAE04EC0-301F-11D3-BF4B-00C04F79EFBC}") = "DAL", "..\DAL\DAL.csproj", "{5E1F110E-0EAE-425B-A1B6-18E6F97A8490}"
EndProject
Global
	GlobalSection(SolutionConfigurationPlatforms) = preSolution
		Debug|Any CPU = Debug|Any CPU
		Release|Any CPU = Release|Any CPU
	EndGlobalSection
	GlobalSection(ProjectConfigurationPlatforms) = postSolution
		{7ED2A48B-837B-42CC-B883-55D8CFE8FEF6}.Debug|Any CPU.ActiveCfg = Debug|Any CPU
		{7ED2A48B-837B-42CC-B883-55D8CFE8FEF6}.Debug|Any CPU.Build.0 = Debug|Any CPU
		{7ED2A48B-837B-42CC-B883-55D8CFE8FEF6}.Release|Any CPU.ActiveCfg = Release|Any CPU
		{7ED2A48B-837B-42CC-B883-55D8CFE8FEF6}.Release|Any CPU.Build.0 = Release|Any CPU
		{D0B98002-FC92-4B8E-9A91-DAAC092C0851}.Debug|Any CPU.ActiveCfg = Debug|Any CPU
		{D0B98002-FC92-4B8E-9A91-DAAC092C0851}.Debug|Any CPU.Build.0 = Debug|Any CPU
		{D0B98002-FC92-4B8E-9A91-DAAC092C0851}.Release|Any CPU.ActiveCfg = Release|Any CPU
		{D0B98002-FC92-4B8E-9A91-DAAC092C0851}.Release|Any CPU.Build.0 = Release|Any CPU
		{5E1F110E-0EAE-425B-A1B6-18E6F97A8490}.Debug|Any CPU.ActiveCfg = Debug|Any CPU
		{5E1F110E-0EAE-425B-A1B6-18E6F97A8490}.Debug|Any CPU.Build.0 = Debug|Any CPU
		{5E1F110E-0EAE-425B-A1B6-18E6F97A8490}.Release|Any CPU.ActiveCfg = Release|Any CPU
		{5E1F110E-0EAE-425B-A1B6-18E6F97A8490}.Release|Any CPU.Build.0 = Release|Any CPU
	EndGlobalSection
	GlobalSection(SolutionProperties) = preSolution
		HideSolutionNode = FALSE
	EndGlobalSection
	GlobalSection(ExtensibilityGlobals) = postSolution
		SolutionGuid = {AEE0BE9C-CF60-442F-9F50-342355F26EFF}
	EndGlobalSection
EndGlobal
